// !$*UTF8*$!
{
	archiveVersion = 1;
	classes = {
	};
	objectVersion = 46;
	objects = {

/* Begin PBXBuildFile section */
		B68898E01E34520E001942D6 /* main.m in Sources */ = {isa = PBXBuildFile; fileRef = B68898DF1E34520E001942D6 /* main.m */; };
		B68898E31E34520E001942D6 /* AppDelegate.m in Sources */ = {isa = PBXBuildFile; fileRef = B68898E21E34520E001942D6 /* AppDelegate.m */; };
		B68898E61E34520E001942D6 /* ViewController.m in Sources */ = {isa = PBXBuildFile; fileRef = B68898E51E34520E001942D6 /* ViewController.m */; };
		B68898E91E34520E001942D6 /* Main.storyboard in Resources */ = {isa = PBXBuildFile; fileRef = B68898E71E34520E001942D6 /* Main.storyboard */; };
		B68898EB1E34520E001942D6 /* Assets.xcassets in Resources */ = {isa = PBXBuildFile; fileRef = B68898EA1E34520E001942D6 /* Assets.xcassets */; };
		B68898EE1E34520E001942D6 /* LaunchScreen.storyboard in Resources */ = {isa = PBXBuildFile; fileRef = B68898EC1E34520E001942D6 /* LaunchScreen.storyboard */; };
		B68898F91E34520F001942D6 /* p01_scagnelliTests.m in Sources */ = {isa = PBXBuildFile; fileRef = B68898F81E34520F001942D6 /* p01_scagnelliTests.m */; };
		B68899041E34520F001942D6 /* p01_scagnelliUITests.m in Sources */ = {isa = PBXBuildFile; fileRef = B68899031E34520F001942D6 /* p01_scagnelliUITests.m */; };
/* End PBXBuildFile section */

/* Begin PBXContainerItemProxy section */
		B68898F51E34520F001942D6 /* PBXContainerItemProxy */ = {
			isa = PBXContainerItemProxy;
			containerPortal = B68898D31E34520E001942D6 /* Project object */;
			proxyType = 1;
			remoteGlobalIDString = B68898DA1E34520E001942D6;
			remoteInfo = "p01-scagnelli";
		};
		B68899001E34520F001942D6 /* PBXContainerItemProxy */ = {
			isa = PBXContainerItemProxy;
			containerPortal = B68898D31E34520E001942D6 /* Project object */;
			proxyType = 1;
			remoteGlobalIDString = B68898DA1E34520E001942D6;
			remoteInfo = "p01-scagnelli";
		};
/* End PBXContainerItemProxy section */

/* Begin PBXFileReference section */
		B68898DB1E34520E001942D6 /* p01-scagnelli.app */ = {isa = PBXFileReference; explicitFileType = wrapper.application; includeInIndex = 0; path = "p01-scagnelli.app"; sourceTree = BUILT_PRODUCTS_DIR; };
		B68898DF1E34520E001942D6 /* main.m */ = {isa = PBXFileReference; lastKnownFileType = sourcecode.c.objc; path = main.m; sourceTree = "<group>"; };
		B68898E11E34520E001942D6 /* AppDelegate.h */ = {isa = PBXFileReference; lastKnownFileType = sourcecode.c.h; path = AppDelegate.h; sourceTree = "<group>"; };
		B68898E21E34520E001942D6 /* AppDelegate.m */ = {isa = PBXFileReference; lastKnownFileType = sourcecode.c.objc; path = AppDelegate.m; sourceTree = "<group>"; };
		B68898E41E34520E001942D6 /* ViewController.h */ = {isa = PBXFileReference; lastKnownFileType = sourcecode.c.h; path = ViewController.h; sourceTree = "<group>"; };
		B68898E51E34520E001942D6 /* ViewController.m */ = {isa = PBXFileReference; lastKnownFileType = sourcecode.c.objc; path = ViewController.m; sourceTree = "<group>"; };
		B68898E81E34520E001942D6 /* Base */ = {isa = PBXFileReference; lastKnownFileType = file.storyboard; name = Base; path = Base.lproj/Main.storyboard; sourceTree = "<group>"; };
		B68898EA1E34520E001942D6 /* Assets.xcassets */ = {isa = PBXFileReference; lastKnownFileType = folder.assetcatalog; path = Assets.xcassets; sourceTree = "<group>"; };
		B68898ED1E34520E001942D6 /* Base */ = {isa = PBXFileReference; lastKnownFileType = file.storyboard; name = Base; path = Base.lproj/LaunchScreen.storyboard; sourceTree = "<group>"; };
		B68898EF1E34520E001942D6 /* Info.plist */ = {isa = PBXFileReference; lastKnownFileType = text.plist.xml; path = Info.plist; sourceTree = "<group>"; };
		B68898F41E34520F001942D6 /* p01-scagnelliTests.xctest */ = {isa = PBXFileReference; explicitFileType = wrapper.cfbundle; includeInIndex = 0; path = "p01-scagnelliTests.xctest"; sourceTree = BUILT_PRODUCTS_DIR; };
		B68898F81E34520F001942D6 /* p01_scagnelliTests.m */ = {isa = PBXFileReference; lastKnownFileType = sourcecode.c.objc; path = p01_scagnelliTests.m; sourceTree = "<group>"; };
		B68898FA1E34520F001942D6 /* Info.plist */ = {isa = PBXFileReference; lastKnownFileType = text.plist.xml; path = Info.plist; sourceTree = "<group>"; };
		B68898FF1E34520F001942D6 /* p01-scagnelliUITests.xctest */ = {isa = PBXFileReference; explicitFileType = wrapper.cfbundle; includeInIndex = 0; path = "p01-scagnelliUITests.xctest"; sourceTree = BUILT_PRODUCTS_DIR; };
		B68899031E34520F001942D6 /* p01_scagnelliUITests.m */ = {isa = PBXFileReference; lastKnownFileType = sourcecode.c.objc; path = p01_scagnelliUITests.m; sourceTree = "<group>"; };
		B68899051E34520F001942D6 /* Info.plist */ = {isa = PBXFileReference; lastKnownFileType = text.plist.xml; path = Info.plist; sourceTree = "<group>"; };
/* End PBXFileReference section */

/* Begin PBXFrameworksBuildPhase section */
		B68898D81E34520E001942D6 /* Frameworks */ = {
			isa = PBXFrameworksBuildPhase;
			buildActionMask = 2147483647;
			files = (
			);
			runOnlyForDeploymentPostprocessing = 0;
		};
		B68898F11E34520F001942D6 /* Frameworks */ = {
			isa = PBXFrameworksBuildPhase;
			buildActionMask = 2147483647;
			files = (
			);
			runOnlyForDeploymentPostprocessing = 0;
		};
		B68898FC1E34520F001942D6 /* Frameworks */ = {
			isa = PBXFrameworksBuildPhase;
			buildActionMask = 2147483647;
			files = (
			);
			runOnlyForDeploymentPostprocessing = 0;
		};
/* End PBXFrameworksBuildPhase section */

/* Begin PBXGroup section */
		B68898D21E34520E001942D6 = {
			isa = PBXGroup;
			children = (
				B68898DD1E34520E001942D6 /* p01-scagnelli */,
				B68898F71E34520F001942D6 /* p01-scagnelliTests */,
				B68899021E34520F001942D6 /* p01-scagnelliUITests */,
				B68898DC1E34520E001942D6 /* Products */,
			);
			sourceTree = "<group>";
		};
		B68898DC1E34520E001942D6 /* Products */ = {
			isa = PBXGroup;
			children = (
				B68898DB1E34520E001942D6 /* p01-scagnelli.app */,
				B68898F41E34520F001942D6 /* p01-scagnelliTests.xctest */,
				B68898FF1E34520F001942D6 /* p01-scagnelliUITests.xctest */,
			);
			name = Products;
			sourceTree = "<group>";
		};
		B68898DD1E34520E001942D6 /* p01-scagnelli */ = {
			isa = PBXGroup;
			children = (
				B68898E11E34520E001942D6 /* AppDelegate.h */,
				B68898E21E34520E001942D6 /* AppDelegate.m */,
				B68898E41E34520E001942D6 /* ViewController.h */,
				B68898E51E34520E001942D6 /* ViewController.m */,
				B68898E71E34520E001942D6 /* Main.storyboard */,
				B68898EA1E34520E001942D6 /* Assets.xcassets */,
				B68898EC1E34520E001942D6 /* LaunchScreen.storyboard */,
				B68898EF1E34520E001942D6 /* Info.plist */,
				B68898DE1E34520E001942D6 /* Supporting Files */,
			);
			path = "p01-scagnelli";
			sourceTree = "<group>";
		};
		B68898DE1E34520E001942D6 /* Supporting Files */ = {
			isa = PBXGroup;
			children = (
				B68898DF1E34520E001942D6 /* main.m */,
			);
			name = "Supporting Files";
			sourceTree = "<group>";
		};
		B68898F71E34520F001942D6 /* p01-scagnelliTests */ = {
			isa = PBXGroup;
			children = (
				B68898F81E34520F001942D6 /* p01_scagnelliTests.m */,
				B68898FA1E34520F001942D6 /* Info.plist */,
			);
			path = "p01-scagnelliTests";
			sourceTree = "<group>";
		};
		B68899021E34520F001942D6 /* p01-scagnelliUITests */ = {
			isa = PBXGroup;
			children = (
				B68899031E34520F001942D6 /* p01_scagnelliUITests.m */,
				B68899051E34520F001942D6 /* Info.plist */,
			);
			path = "p01-scagnelliUITests";
			sourceTree = "<group>";
		};
/* End PBXGroup section */

/* Begin PBXNativeTarget section */
		B68898DA1E34520E001942D6 /* p01-scagnelli */ = {
			isa = PBXNativeTarget;
			buildConfigurationList = B68899081E34520F001942D6 /* Build configuration list for PBXNativeTarget "p01-scagnelli" */;
			buildPhases = (
				B68898D71E34520E001942D6 /* Sources */,
				B68898D81E34520E001942D6 /* Frameworks */,
				B68898D91E34520E001942D6 /* Resources */,
			);
			buildRules = (
			);
			dependencies = (
			);
			name = "p01-scagnelli";
			productName = "p01-scagnelli";
			productReference = B68898DB1E34520E001942D6 /* p01-scagnelli.app */;
			productType = "com.apple.product-type.application";
		};
		B68898F31E34520F001942D6 /* p01-scagnelliTests */ = {
			isa = PBXNativeTarget;
			buildConfigurationList = B688990B1E34520F001942D6 /* Build configuration list for PBXNativeTarget "p01-scagnelliTests" */;
			buildPhases = (
				B68898F01E34520F001942D6 /* Sources */,
				B68898F11E34520F001942D6 /* Frameworks */,
				B68898F21E34520F001942D6 /* Resources */,
			);
			buildRules = (
			);
			dependencies = (
				B68898F61E34520F001942D6 /* PBXTargetDependency */,
			);
			name = "p01-scagnelliTests";
			productName = "p01-scagnelliTests";
			productReference = B68898F41E34520F001942D6 /* p01-scagnelliTests.xctest */;
			productType = "com.apple.product-type.bundle.unit-test";
		};
		B68898FE1E34520F001942D6 /* p01-scagnelliUITests */ = {
			isa = PBXNativeTarget;
			buildConfigurationList = B688990E1E34520F001942D6 /* Build configuration list for PBXNativeTarget "p01-scagnelliUITests" */;
			buildPhases = (
				B68898FB1E34520F001942D6 /* Sources */,
				B68898FC1E34520F001942D6 /* Frameworks */,
				B68898FD1E34520F001942D6 /* Resources */,
			);
			buildRules = (
			);
			dependencies = (
				B68899011E34520F001942D6 /* PBXTargetDependency */,
			);
			name = "p01-scagnelliUITests";
			productName = "p01-scagnelliUITests";
			productReference = B68898FF1E34520F001942D6 /* p01-scagnelliUITests.xctest */;
			productType = "com.apple.product-type.bundle.ui-testing";
		};
/* End PBXNativeTarget section */

/* Begin PBXProject section */
		B68898D31E34520E001942D6 /* Project object */ = {
			isa = PBXProject;
			attributes = {
				LastUpgradeCheck = 0820;
				ORGANIZATIONNAME = escagne1;
				TargetAttributes = {
					B68898DA1E34520E001942D6 = {
						CreatedOnToolsVersion = 8.2.1;
						ProvisioningStyle = Automatic;
					};
					B68898F31E34520F001942D6 = {
						CreatedOnToolsVersion = 8.2.1;
						ProvisioningStyle = Automatic;
						TestTargetID = B68898DA1E34520E001942D6;
					};
					B68898FE1E34520F001942D6 = {
						CreatedOnToolsVersion = 8.2.1;
						ProvisioningStyle = Automatic;
						TestTargetID = B68898DA1E34520E001942D6;
					};
				};
			};
			buildConfigurationList = B68898D61E34520E001942D6 /* Build configuration list for PBXProject "p01-scagnelli" */;
			compatibilityVersion = "Xcode 3.2";
			developmentRegion = English;
			hasScannedForEncodings = 0;
			knownRegions = (
				en,
				Base,
			);
			mainGroup = B68898D21E34520E001942D6;
			productRefGroup = B68898DC1E34520E001942D6 /* Products */;
			projectDirPath = "";
			projectRoot = "";
			targets = (
				B68898DA1E34520E001942D6 /* p01-scagnelli */,
				B68898F31E34520F001942D6 /* p01-scagnelliTests */,
				B68898FE1E34520F001942D6 /* p01-scagnelliUITests */,
			);
		};
/* End PBXProject section */

/* Begin PBXResourcesBuildPhase section */
		B68898D91E34520E001942D6 /* Resources */ = {
			isa = PBXResourcesBuildPhase;
			buildActionMask = 2147483647;
			files = (
				B68898EE1E34520E001942D6 /* LaunchScreen.storyboard in Resources */,
				B68898EB1E34520E001942D6 /* Assets.xcassets in Resources */,
				B68898E91E34520E001942D6 /* Main.storyboard in Resources */,
			);
			runOnlyForDeploymentPostprocessing = 0;
		};
		B68898F21E34520F001942D6 /* Resources */ = {
			isa = PBXResourcesBuildPhase;
			buildActionMask = 2147483647;
			files = (
			);
			runOnlyForDeploymentPostprocessing = 0;
		};
		B68898FD1E34520F001942D6 /* Resources */ = {
			isa = PBXResourcesBuildPhase;
			buildActionMask = 2147483647;
			files = (
			);
			runOnlyForDeploymentPostprocessing = 0;
		};
/* End PBXResourcesBuildPhase section */

/* Begin PBXSourcesBuildPhase section */
		B68898D71E34520E001942D6 /* Sources */ = {
			isa = PBXSourcesBuildPhase;
			buildActionMask = 2147483647;
			files = (
				B68898E61E34520E001942D6 /* ViewController.m in Sources */,
				B68898E31E34520E001942D6 /* AppDelegate.m in Sources */,
				B68898E01E34520E001942D6 /* main.m in Sources */,
			);
			runOnlyForDeploymentPostprocessing = 0;
		};
		B68898F01E34520F001942D6 /* Sources */ = {
			isa = PBXSourcesBuildPhase;
			buildActionMask = 2147483647;
			files = (
				B68898F91E34520F001942D6 /* p01_scagnelliTests.m in Sources */,
			);
			runOnlyForDeploymentPostprocessing = 0;
		};
		B68898FB1E34520F001942D6 /* Sources */ = {
			isa = PBXSourcesBuildPhase;
			buildActionMask = 2147483647;
			files = (
				B68899041E34520F001942D6 /* p01_scagnelliUITests.m in Sources */,
			);
			runOnlyForDeploymentPostprocessing = 0;
		};
/* End PBXSourcesBuildPhase section */

/* Begin PBXTargetDependency section */
		B68898F61E34520F001942D6 /* PBXTargetDependency */ = {
			isa = PBXTargetDependency;
			target = B68898DA1E34520E001942D6 /* p01-scagnelli */;
			targetProxy = B68898F51E34520F001942D6 /* PBXContainerItemProxy */;
		};
		B68899011E34520F001942D6 /* PBXTargetDependency */ = {
			isa = PBXTargetDependency;
			target = B68898DA1E34520E001942D6 /* p01-scagnelli */;
			targetProxy = B68899001E34520F001942D6 /* PBXContainerItemProxy */;
		};
/* End PBXTargetDependency section */

/* Begin PBXVariantGroup section */
		B68898E71E34520E001942D6 /* Main.storyboard */ = {
			isa = PBXVariantGroup;
			children = (
				B68898E81E34520E001942D6 /* Base */,
			);
			name = Main.storyboard;
			sourceTree = "<group>";
		};
		B68898EC1E34520E001942D6 /* LaunchScreen.storyboard */ = {
			isa = PBXVariantGroup;
			children = (
				B68898ED1E34520E001942D6 /* Base */,
			);
			name = LaunchScreen.storyboard;
			sourceTree = "<group>";
		};
/* End PBXVariantGroup section */

/* Begin XCBuildConfiguration section */
		B68899061E34520F001942D6 /* Debug */ = {
			isa = XCBuildConfiguration;
			buildSettings = {
				ALWAYS_SEARCH_USER_PATHS = NO;
				CLANG_ANALYZER_NONNULL = YES;
				CLANG_CXX_LANGUAGE_STANDARD = "gnu++0x";
				CLANG_CXX_LIBRARY = "libc++";
				CLANG_ENABLE_MODULES = YES;
				CLANG_ENABLE_OBJC_ARC = YES;
				CLANG_WARN_BOOL_CONVERSION = YES;
				CLANG_WARN_CONSTANT_CONVERSION = YES;
				CLANG_WARN_DIRECT_OBJC_ISA_USAGE = YES_ERROR;
				CLANG_WARN_DOCUMENTATION_COMMENTS = YES;
				CLANG_WARN_EMPTY_BODY = YES;
				CLANG_WARN_ENUM_CONVERSION = YES;
				CLANG_WARN_INFINITE_RECURSION = YES;
				CLANG_WARN_INT_CONVERSION = YES;
				CLANG_WARN_OBJC_ROOT_CLASS = YES_ERROR;
				CLANG_WARN_SUSPICIOUS_MOVE = YES;
				CLANG_WARN_UNREACHABLE_CODE = YES;
				CLANG_WARN__DUPLICATE_METHOD_MATCH = YES;
				"CODE_SIGN_IDENTITY[sdk=iphoneos*]" = "iPhone Developer";
				COPY_PHASE_STRIP = NO;
				DEBUG_INFORMATION_FORMAT = dwarf;
				ENABLE_STRICT_OBJC_MSGSEND = YES;
				ENABLE_TESTABILITY = YES;
				GCC_C_LANGUAGE_STANDARD = gnu99;
				GCC_DYNAMIC_NO_PIC = NO;
				GCC_NO_COMMON_BLOCKS = YES;
				GCC_OPTIMIZATION_LEVEL = 0;
				GCC_PREPROCESSOR_DEFINITIONS = (
					"DEBUG=1",
					"$(inherited)",
				);
				GCC_WARN_64_TO_32_BIT_CONVERSION = YES;
				GCC_WARN_ABOUT_RETURN_TYPE = YES_ERROR;
				GCC_WARN_UNDECLARED_SELECTOR = YES;
				GCC_WARN_UNINITIALIZED_AUTOS = YES_AGGRESSIVE;
				GCC_WARN_UNUSED_FUNCTION = YES;
				GCC_WARN_UNUSED_VARIABLE = YES;
				IPHONEOS_DEPLOYMENT_TARGET = 10.2;
				MTL_ENABLE_DEBUG_INFO = YES;
				ONLY_ACTIVE_ARCH = YES;
				SDKROOT = iphoneos;
				TARGETED_DEVICE_FAMILY = "1,2";
			};
			name = Debug;
		};
		B68899071E34520F001942D6 /* Release */ = {
			isa = XCBuildConfiguration;
			buildSettings = {
				ALWAYS_SEARCH_USER_PATHS = NO;
				CLANG_ANALYZER_NONNULL = YES;
				CLANG_CXX_LANGUAGE_STANDARD = "gnu++0x";
				CLANG_CXX_LIBRARY = "libc++";
				CLANG_ENABLE_MODULES = YES;
				CLANG_ENABLE_OBJC_ARC = YES;
				CLANG_WARN_BOOL_CONVERSION = YES;
				CLANG_WARN_CONSTANT_CONVERSION = YES;
				CLANG_WARN_DIRECT_OBJC_ISA_USAGE = YES_ERROR;
				CLANG_WARN_DOCUMENTATION_COMMENTS = YES;
				CLANG_WARN_EMPTY_BODY = YES;
				CLANG_WARN_ENUM_CONVERSION = YES;
				CLANG_WARN_INFINITE_RECURSION = YES;
				CLANG_WARN_INT_CONVERSION = YES;
				CLANG_WARN_OBJC_ROOT_CLASS = YES_ERROR;
				CLANG_WARN_SUSPICIOUS_MOVE = YES;
				CLANG_WARN_UNREACHABLE_CODE = YES;
				CLANG_WARN__DUPLICATE_METHOD_MATCH = YES;
				"CODE_SIGN_IDENTITY[sdk=iphoneos*]" = "iPhone Developer";
				COPY_PHASE_STRIP = NO;
				DEBUG_INFORMATION_FORMAT = "dwarf-with-dsym";
				ENABLE_NS_ASSERTIONS = NO;
				ENABLE_STRICT_OBJC_MSGSEND = YES;
				GCC_C_LANGUAGE_STANDARD = gnu99;
				GCC_NO_COMMON_BLOCKS = YES;
				GCC_WARN_64_TO_32_BIT_CONVERSION = YES;
				GCC_WARN_ABOUT_RETURN_TYPE = YES_ERROR;
				GCC_WARN_UNDECLARED_SELECTOR = YES;
				GCC_WARN_UNINITIALIZED_AUTOS = YES_AGGRESSIVE;
				GCC_WARN_UNUSED_FUNCTION = YES;
				GCC_WARN_UNUSED_VARIABLE = YES;
				IPHONEOS_DEPLOYMENT_TARGET = 10.2;
				MTL_ENABLE_DEBUG_INFO = NO;
				SDKROOT = iphoneos;
				TARGETED_DEVICE_FAMILY = "1,2";
				VALIDATE_PRODUCT = YES;
			};
			name = Release;
		};
		B68899091E34520F001942D6 /* Debug */ = {
			isa = XCBuildConfiguration;
			buildSettings = {
				ASSETCATALOG_COMPILER_APPICON_NAME = AppIcon;
				INFOPLIST_FILE = "p01-scagnelli/Info.plist";
				LD_RUNPATH_SEARCH_PATHS = "$(inherited) @executable_path/Frameworks";
				PRODUCT_BUNDLE_IDENTIFIER = "escagne1.p01-scagnelli";
				PRODUCT_NAME = "$(TARGET_NAME)";
			};
			name = Debug;
		};
		B688990A1E34520F001942D6 /* Release */ = {
			isa = XCBuildConfiguration;
			buildSettings = {
				ASSETCATALOG_COMPILER_APPICON_NAME = AppIcon;
				INFOPLIST_FILE = "p01-scagnelli/Info.plist";
				LD_RUNPATH_SEARCH_PATHS = "$(inherited) @executable_path/Frameworks";
				PRODUCT_BUNDLE_IDENTIFIER = "escagne1.p01-scagnelli";
				PRODUCT_NAME = "$(TARGET_NAME)";
			};
			name = Release;
		};
		B688990C1E34520F001942D6 /* Debug */ = {
			isa = XCBuildConfiguration;
			buildSettings = {
				BUNDLE_LOADER = "$(TEST_HOST)";
				INFOPLIST_FILE = "p01-scagnelliTests/Info.plist";
				LD_RUNPATH_SEARCH_PATHS = "$(inherited) @executable_path/Frameworks @loader_path/Frameworks";
				PRODUCT_BUNDLE_IDENTIFIER = "escagne1.p01-scagnelliTests";
				PRODUCT_NAME = "$(TARGET_NAME)";
				TEST_HOST = "$(BUILT_PRODUCTS_DIR)/p01-scagnelli.app/p01-scagnelli";
			};
			name = Debug;
		};
		B688990D1E34520F001942D6 /* Release */ = {
			isa = XCBuildConfiguration;
			buildSettings = {
				BUNDLE_LOADER = "$(TEST_HOST)";
				INFOPLIST_FILE = "p01-scagnelliTests/Info.plist";
				LD_RUNPATH_SEARCH_PATHS = "$(inherited) @executable_path/Frameworks @loader_path/Frameworks";
				PRODUCT_BUNDLE_IDENTIFIER = "escagne1.p01-scagnelliTests";
				PRODUCT_NAME = "$(TARGET_NAME)";
				TEST_HOST = "$(BUILT_PRODUCTS_DIR)/p01-scagnelli.app/p01-scagnelli";
			};
			name = Release;
		};
		B688990F1E34520F001942D6 /* Debug */ = {
			isa = XCBuildConfiguration;
			buildSettings = {
				INFOPLIST_FILE = "p01-scagnelliUITests/Info.plist";
				LD_RUNPATH_SEARCH_PATHS = "$(inherited) @executable_path/Frameworks @loader_path/Frameworks";
				PRODUCT_BUNDLE_IDENTIFIER = "escagne1.p01-scagnelliUITests";
				PRODUCT_NAME = "$(TARGET_NAME)";
				TEST_TARGET_NAME = "p01-scagnelli";
			};
			name = Debug;
		};
		B68899101E34520F001942D6 /* Release */ = {
			isa = XCBuildConfiguration;
			buildSettings = {
				INFOPLIST_FILE = "p01-scagnelliUITests/Info.plist";
				LD_RUNPATH_SEARCH_PATHS = "$(inherited) @executable_path/Frameworks @loader_path/Frameworks";
				PRODUCT_BUNDLE_IDENTIFIER = "escagne1.p01-scagnelliUITests";
				PRODUCT_NAME = "$(TARGET_NAME)";
				TEST_TARGET_NAME = "p01-scagnelli";
			};
			name = Release;
		};
/* End XCBuildConfiguration section */

/* Begin XCConfigurationList section */
		B68898D61E34520E001942D6 /* Build configuration list for PBXProject "p01-scagnelli" */ = {
			isa = XCConfigurationList;
			buildConfigurations = (
				B68899061E34520F001942D6 /* Debug */,
				B68899071E34520F001942D6 /* Release */,
			);
			defaultConfigurationIsVisible = 0;
			defaultConfigurationName = Release;
		};
		B68899081E34520F001942D6 /* Build configuration list for PBXNativeTarget "p01-scagnelli" */ = {
			isa = XCConfigurationList;
			buildConfigurations = (
				B68899091E34520F001942D6 /* Debug */,
				B688990A1E34520F001942D6 /* Release */,
			);
			defaultConfigurationIsVisible = 0;
		};
		B688990B1E34520F001942D6 /* Build configuration list for PBXNativeTarget "p01-scagnelliTests" */ = {
			isa = XCConfigurationList;
			buildConfigurations = (
				B688990C1E34520F001942D6 /* Debug */,
				B688990D1E34520F001942D6 /* Release */,
			);
			defaultConfigurationIsVisible = 0;
		};
		B688990E1E34520F001942D6 /* Build configuration list for PBXNativeTarget "p01-scagnelliUITests" */ = {
			isa = XCConfigurationList;
			buildConfigurations = (
				B688990F1E34520F001942D6 /* Debug */,
				B68899101E34520F001942D6 /* Release */,
			);
			defaultConfigurationIsVisible = 0;
		};
/* End XCConfigurationList section */
	};
	rootObject = B68898D31E34520E001942D6 /* Project object */;
}
